// !$*UTF8*$!
{
	archiveVersion = 1;
	classes = {
	};
	objectVersion = 46;
	objects = {

/* Begin PBXBuildFile section */
		846063621B0F87E300B761F9 /* AppDelegate.swift in Sources */ = {isa = PBXBuildFile; fileRef = 846063611B0F87E300B761F9 /* AppDelegate.swift */; };
		846063671B0F87E300B761F9 /* Main.storyboard in Resources */ = {isa = PBXBuildFile; fileRef = 846063651B0F87E300B761F9 /* Main.storyboard */; };
		846063691B0F87E300B761F9 /* Images.xcassets in Resources */ = {isa = PBXBuildFile; fileRef = 846063681B0F87E300B761F9 /* Images.xcassets */; };
		8460636C1B0F87E300B761F9 /* LaunchScreen.xib in Resources */ = {isa = PBXBuildFile; fileRef = 8460636A1B0F87E300B761F9 /* LaunchScreen.xib */; };
		846063781B0F87E300B761F9 /* BabuPagerViewControllerTests.swift in Sources */ = {isa = PBXBuildFile; fileRef = 846063771B0F87E300B761F9 /* BabuPagerViewControllerTests.swift */; };
		846063821B0F96C300B761F9 /* ViewController.swift in Sources */ = {isa = PBXBuildFile; fileRef = 846063811B0F96C300B761F9 /* ViewController.swift */; };
		846063851B10F4DB00B761F9 /* BabuPagerViewController.swift in Sources */ = {isa = PBXBuildFile; fileRef = 846063841B10F4DB00B761F9 /* BabuPagerViewController.swift */; };
		84F90A461B18287100C60E30 /* PageItemController.swift in Sources */ = {isa = PBXBuildFile; fileRef = 84F90A451B18287100C60E30 /* PageItemController.swift */; };
/* End PBXBuildFile section */

/* Begin PBXContainerItemProxy section */
		846063721B0F87E300B761F9 /* PBXContainerItemProxy */ = {
			isa = PBXContainerItemProxy;
			containerPortal = 846063541B0F87E300B761F9 /* Project object */;
			proxyType = 1;
			remoteGlobalIDString = 8460635B1B0F87E300B761F9;
			remoteInfo = BabuPagerViewController;
		};
/* End PBXContainerItemProxy section */

/* Begin PBXFileReference section */
		8460635C1B0F87E300B761F9 /* BabuPagerViewController.app */ = {isa = PBXFileReference; explicitFileType = wrapper.application; includeInIndex = 0; path = BabuPagerViewController.app; sourceTree = BUILT_PRODUCTS_DIR; };
		846063601B0F87E300B761F9 /* Info.plist */ = {isa = PBXFileReference; lastKnownFileType = text.plist.xml; path = Info.plist; sourceTree = "<group>"; };
		846063611B0F87E300B761F9 /* AppDelegate.swift */ = {isa = PBXFileReference; lastKnownFileType = sourcecode.swift; path = AppDelegate.swift; sourceTree = "<group>"; };
		846063661B0F87E300B761F9 /* Base */ = {isa = PBXFileReference; lastKnownFileType = file.storyboard; name = Base; path = Base.lproj/Main.storyboard; sourceTree = "<group>"; };
		846063681B0F87E300B761F9 /* Images.xcassets */ = {isa = PBXFileReference; lastKnownFileType = folder.assetcatalog; path = Images.xcassets; sourceTree = "<group>"; };
		8460636B1B0F87E300B761F9 /* Base */ = {isa = PBXFileReference; lastKnownFileType = file.xib; name = Base; path = Base.lproj/LaunchScreen.xib; sourceTree = "<group>"; };
		846063711B0F87E300B761F9 /* BabuPagerViewControllerTests.xctest */ = {isa = PBXFileReference; explicitFileType = wrapper.cfbundle; includeInIndex = 0; path = BabuPagerViewControllerTests.xctest; sourceTree = BUILT_PRODUCTS_DIR; };
		846063761B0F87E300B761F9 /* Info.plist */ = {isa = PBXFileReference; lastKnownFileType = text.plist.xml; path = Info.plist; sourceTree = "<group>"; };
		846063771B0F87E300B761F9 /* BabuPagerViewControllerTests.swift */ = {isa = PBXFileReference; lastKnownFileType = sourcecode.swift; path = BabuPagerViewControllerTests.swift; sourceTree = "<group>"; };
		846063811B0F96C300B761F9 /* ViewController.swift */ = {isa = PBXFileReference; fileEncoding = 4; lastKnownFileType = sourcecode.swift; path = ViewController.swift; sourceTree = "<group>"; };
		846063841B10F4DB00B761F9 /* BabuPagerViewController.swift */ = {isa = PBXFileReference; fileEncoding = 4; lastKnownFileType = sourcecode.swift; path = BabuPagerViewController.swift; sourceTree = "<group>"; };
		84F90A451B18287100C60E30 /* PageItemController.swift */ = {isa = PBXFileReference; fileEncoding = 4; lastKnownFileType = sourcecode.swift; path = PageItemController.swift; sourceTree = "<group>"; };
/* End PBXFileReference section */

/* Begin PBXFrameworksBuildPhase section */
		846063591B0F87E300B761F9 /* Frameworks */ = {
			isa = PBXFrameworksBuildPhase;
			buildActionMask = 2147483647;
			files = (
			);
			runOnlyForDeploymentPostprocessing = 0;
		};
		8460636E1B0F87E300B761F9 /* Frameworks */ = {
			isa = PBXFrameworksBuildPhase;
			buildActionMask = 2147483647;
			files = (
			);
			runOnlyForDeploymentPostprocessing = 0;
		};
/* End PBXFrameworksBuildPhase section */

/* Begin PBXGroup section */
		846063531B0F87E300B761F9 = {
			isa = PBXGroup;
			children = (
				846063831B10F4DB00B761F9 /* Classes */,
				8460635E1B0F87E300B761F9 /* BabuPagerViewController */,
				846063741B0F87E300B761F9 /* BabuPagerViewControllerTests */,
				8460635D1B0F87E300B761F9 /* Products */,
			);
			sourceTree = "<group>";
		};
		8460635D1B0F87E300B761F9 /* Products */ = {
			isa = PBXGroup;
			children = (
				8460635C1B0F87E300B761F9 /* BabuPagerViewController.app */,
				846063711B0F87E300B761F9 /* BabuPagerViewControllerTests.xctest */,
			);
			name = Products;
			sourceTree = "<group>";
		};
		8460635E1B0F87E300B761F9 /* BabuPagerViewController */ = {
			isa = PBXGroup;
			children = (
				846063611B0F87E300B761F9 /* AppDelegate.swift */,
				846063811B0F96C300B761F9 /* ViewController.swift */,
				84F90A451B18287100C60E30 /* PageItemController.swift */,
				846063651B0F87E300B761F9 /* Main.storyboard */,
				846063681B0F87E300B761F9 /* Images.xcassets */,
				8460636A1B0F87E300B761F9 /* LaunchScreen.xib */,
				8460635F1B0F87E300B761F9 /* Supporting Files */,
			);
			path = BabuPagerViewController;
			sourceTree = "<group>";
		};
		8460635F1B0F87E300B761F9 /* Supporting Files */ = {
			isa = PBXGroup;
			children = (
				846063601B0F87E300B761F9 /* Info.plist */,
			);
			name = "Supporting Files";
			sourceTree = "<group>";
		};
		846063741B0F87E300B761F9 /* BabuPagerViewControllerTests */ = {
			isa = PBXGroup;
			children = (
				846063771B0F87E300B761F9 /* BabuPagerViewControllerTests.swift */,
				846063751B0F87E300B761F9 /* Supporting Files */,
			);
			path = BabuPagerViewControllerTests;
			sourceTree = "<group>";
		};
		846063751B0F87E300B761F9 /* Supporting Files */ = {
			isa = PBXGroup;
			children = (
				846063761B0F87E300B761F9 /* Info.plist */,
			);
			name = "Supporting Files";
			sourceTree = "<group>";
		};
		846063831B10F4DB00B761F9 /* Classes */ = {
			isa = PBXGroup;
			children = (
				846063841B10F4DB00B761F9 /* BabuPagerViewController.swift */,
			);
			path = Classes;
			sourceTree = "<group>";
		};
/* End PBXGroup section */

/* Begin PBXNativeTarget section */
		8460635B1B0F87E300B761F9 /* BabuPagerViewController */ = {
			isa = PBXNativeTarget;
			buildConfigurationList = 8460637B1B0F87E300B761F9 /* Build configuration list for PBXNativeTarget "BabuPagerViewController" */;
			buildPhases = (
				846063581B0F87E300B761F9 /* Sources */,
				846063591B0F87E300B761F9 /* Frameworks */,
				8460635A1B0F87E300B761F9 /* Resources */,
			);
			buildRules = (
			);
			dependencies = (
			);
			name = BabuPagerViewController;
			productName = BabuPagerViewController;
			productReference = 8460635C1B0F87E300B761F9 /* BabuPagerViewController.app */;
			productType = "com.apple.product-type.application";
		};
		846063701B0F87E300B761F9 /* BabuPagerViewControllerTests */ = {
			isa = PBXNativeTarget;
			buildConfigurationList = 8460637E1B0F87E300B761F9 /* Build configuration list for PBXNativeTarget "BabuPagerViewControllerTests" */;
			buildPhases = (
				8460636D1B0F87E300B761F9 /* Sources */,
				8460636E1B0F87E300B761F9 /* Frameworks */,
				8460636F1B0F87E300B761F9 /* Resources */,
			);
			buildRules = (
			);
			dependencies = (
				846063731B0F87E300B761F9 /* PBXTargetDependency */,
			);
			name = BabuPagerViewControllerTests;
			productName = BabuPagerViewControllerTests;
			productReference = 846063711B0F87E300B761F9 /* BabuPagerViewControllerTests.xctest */;
			productType = "com.apple.product-type.bundle.unit-test";
		};
/* End PBXNativeTarget section */

/* Begin PBXProject section */
		846063541B0F87E300B761F9 /* Project object */ = {
			isa = PBXProject;
			attributes = {
				LastUpgradeCheck = 0630;
				ORGANIZATIONNAME = babukuma;
				TargetAttributes = {
					8460635B1B0F87E300B761F9 = {
						CreatedOnToolsVersion = 6.3.2;
					};
					846063701B0F87E300B761F9 = {
						CreatedOnToolsVersion = 6.3.2;
						TestTargetID = 8460635B1B0F87E300B761F9;
					};
				};
			};
			buildConfigurationList = 846063571B0F87E300B761F9 /* Build configuration list for PBXProject "BabuPagerViewController" */;
			compatibilityVersion = "Xcode 3.2";
			developmentRegion = English;
			hasScannedForEncodings = 0;
			knownRegions = (
				en,
				Base,
			);
			mainGroup = 846063531B0F87E300B761F9;
			productRefGroup = 8460635D1B0F87E300B761F9 /* Products */;
			projectDirPath = "";
			projectRoot = "";
			targets = (
				8460635B1B0F87E300B761F9 /* BabuPagerViewController */,
				846063701B0F87E300B761F9 /* BabuPagerViewControllerTests */,
			);
		};
/* End PBXProject section */

/* Begin PBXResourcesBuildPhase section */
		8460635A1B0F87E300B761F9 /* Resources */ = {
			isa = PBXResourcesBuildPhase;
			buildActionMask = 2147483647;
			files = (
				846063671B0F87E300B761F9 /* Main.storyboard in Resources */,
				8460636C1B0F87E300B761F9 /* LaunchScreen.xib in Resources */,
				846063691B0F87E300B761F9 /* Images.xcassets in Resources */,
			);
			runOnlyForDeploymentPostprocessing = 0;
		};
		8460636F1B0F87E300B761F9 /* Resources */ = {
			isa = PBXResourcesBuildPhase;
			buildActionMask = 2147483647;
			files = (
			);
			runOnlyForDeploymentPostprocessing = 0;
		};
/* End PBXResourcesBuildPhase section */

/* Begin PBXSourcesBuildPhase section */
		846063581B0F87E300B761F9 /* Sources */ = {
			isa = PBXSourcesBuildPhase;
			buildActionMask = 2147483647;
			files = (
				846063851B10F4DB00B761F9 /* BabuPagerViewController.swift in Sources */,
				846063821B0F96C300B761F9 /* ViewController.swift in Sources */,
				846063621B0F87E300B761F9 /* AppDelegate.swift in Sources */,
				84F90A461B18287100C60E30 /* PageItemController.swift in Sources */,
			);
			runOnlyForDeploymentPostprocessing = 0;
		};
		8460636D1B0F87E300B761F9 /* Sources */ = {
			isa = PBXSourcesBuildPhase;
			buildActionMask = 2147483647;
			files = (
				846063781B0F87E300B761F9 /* BabuPagerViewControllerTests.swift in Sources */,
			);
			runOnlyForDeploymentPostprocessing = 0;
		};
/* End PBXSourcesBuildPhase section */

/* Begin PBXTargetDependency section */
		846063731B0F87E300B761F9 /* PBXTargetDependency */ = {
			isa = PBXTargetDependency;
			target = 8460635B1B0F87E300B761F9 /* BabuPagerViewController */;
			targetProxy = 846063721B0F87E300B761F9 /* PBXContainerItemProxy */;
		};
/* End PBXTargetDependency section */

/* Begin PBXVariantGroup section */
		846063651B0F87E300B761F9 /* Main.storyboard */ = {
			isa = PBXVariantGroup;
			children = (
				846063661B0F87E300B761F9 /* Base */,
			);
			name = Main.storyboard;
			sourceTree = "<group>";
		};
		8460636A1B0F87E300B761F9 /* LaunchScreen.xib */ = {
			isa = PBXVariantGroup;
			children = (
				8460636B1B0F87E300B761F9 /* Base */,
			);
			name = LaunchScreen.xib;
			sourceTree = "<group>";
		};
/* End PBXVariantGroup section */

/* Begin XCBuildConfiguration section */
		846063791B0F87E300B761F9 /* Debug */ = {
			isa = XCBuildConfiguration;
			buildSettings = {
				ALWAYS_SEARCH_USER_PATHS = NO;
				CLANG_CXX_LANGUAGE_STANDARD = "gnu++0x";
				CLANG_CXX_LIBRARY = "libc++";
				CLANG_ENABLE_MODULES = YES;
				CLANG_ENABLE_OBJC_ARC = YES;
				CLANG_WARN_BOOL_CONVERSION = YES;
				CLANG_WARN_CONSTANT_CONVERSION = YES;
				CLANG_WARN_DIRECT_OBJC_ISA_USAGE = YES_ERROR;
				CLANG_WARN_EMPTY_BODY = YES;
				CLANG_WARN_ENUM_CONVERSION = YES;
				CLANG_WARN_INT_CONVERSION = YES;
				CLANG_WARN_OBJC_ROOT_CLASS = YES_ERROR;
				CLANG_WARN_UNREACHABLE_CODE = YES;
				CLANG_WARN__DUPLICATE_METHOD_MATCH = YES;
				"CODE_SIGN_IDENTITY[sdk=iphoneos*]" = "iPhone Developer";
				COPY_PHASE_STRIP = NO;
				DEBUG_INFORMATION_FORMAT = "dwarf-with-dsym";
				ENABLE_STRICT_OBJC_MSGSEND = YES;
				GCC_C_LANGUAGE_STANDARD = gnu99;
				GCC_DYNAMIC_NO_PIC = NO;
				GCC_NO_COMMON_BLOCKS = YES;
				GCC_OPTIMIZATION_LEVEL = 0;
				GCC_PREPROCESSOR_DEFINITIONS = (
					"DEBUG=1",
					"$(inherited)",
				);
				GCC_SYMBOLS_PRIVATE_EXTERN = NO;
				GCC_WARN_64_TO_32_BIT_CONVERSION = YES;
				GCC_WARN_ABOUT_RETURN_TYPE = YES_ERROR;
				GCC_WARN_UNDECLARED_SELECTOR = YES;
				GCC_WARN_UNINITIALIZED_AUTOS = YES_AGGRESSIVE;
				GCC_WARN_UNUSED_FUNCTION = YES;
				GCC_WARN_UNUSED_VARIABLE = YES;
				IPHONEOS_DEPLOYMENT_TARGET = 8.3;
				MTL_ENABLE_DEBUG_INFO = YES;
				ONLY_ACTIVE_ARCH = YES;
				SDKROOT = iphoneos;
				SWIFT_OPTIMIZATION_LEVEL = "-Onone";
			};
			name = Debug;
		};
		8460637A1B0F87E300B761F9 /* Release */ = {
			isa = XCBuildConfiguration;
			buildSettings = {
				ALWAYS_SEARCH_USER_PATHS = NO;
				CLANG_CXX_LANGUAGE_STANDARD = "gnu++0x";
				CLANG_CXX_LIBRARY = "libc++";
				CLANG_ENABLE_MODULES = YES;
				CLANG_ENABLE_OBJC_ARC = YES;
				CLANG_WARN_BOOL_CONVERSION = YES;
				CLANG_WARN_CONSTANT_CONVERSION = YES;
				CLANG_WARN_DIRECT_OBJC_ISA_USAGE = YES_ERROR;
				CLANG_WARN_EMPTY_BODY = YES;
				CLANG_WARN_ENUM_CONVERSION = YES;
				CLANG_WARN_INT_CONVERSION = YES;
				CLANG_WARN_OBJC_ROOT_CLASS = YES_ERROR;
				CLANG_WARN_UNREACHABLE_CODE = YES;
				CLANG_WARN__DUPLICATE_METHOD_MATCH = YES;
				"CODE_SIGN_IDENTITY[sdk=iphoneos*]" = "iPhone Developer";
				COPY_PHASE_STRIP = NO;
				DEBUG_INFORMATION_FORMAT = "dwarf-with-dsym";
				ENABLE_NS_ASSERTIONS = NO;
				ENABLE_STRICT_OBJC_MSGSEND = YES;
				GCC_C_LANGUAGE_STANDARD = gnu99;
				GCC_NO_COMMON_BLOCKS = YES;
				GCC_WARN_64_TO_32_BIT_CONVERSION = YES;
				GCC_WARN_ABOUT_RETURN_TYPE = YES_ERROR;
				GCC_WARN_UNDECLARED_SELECTOR = YES;
				GCC_WARN_UNINITIALIZED_AUTOS = YES_AGGRESSIVE;
				GCC_WARN_UNUSED_FUNCTION = YES;
				GCC_WARN_UNUSED_VARIABLE = YES;
				IPHONEOS_DEPLOYMENT_TARGET = 8.3;
				MTL_ENABLE_DEBUG_INFO = NO;
				SDKROOT = iphoneos;
				VALIDATE_PRODUCT = YES;
			};
			name = Release;
		};
		8460637C1B0F87E300B761F9 /* Debug */ = {
			isa = XCBuildConfiguration;
			buildSettings = {
				ASSETCATALOG_COMPILER_APPICON_NAME = AppIcon;
				INFOPLIST_FILE = BabuPagerViewController/Info.plist;
				LD_RUNPATH_SEARCH_PATHS = "$(inherited) @executable_path/Frameworks";
				PRODUCT_NAME = "$(TARGET_NAME)";
			};
			name = Debug;
		};
		8460637D1B0F87E300B761F9 /* Release */ = {
			isa = XCBuildConfiguration;
			buildSettings = {
				ASSETCATALOG_COMPILER_APPICON_NAME = AppIcon;
				INFOPLIST_FILE = BabuPagerViewController/Info.plist;
				LD_RUNPATH_SEARCH_PATHS = "$(inherited) @executable_path/Frameworks";
				PRODUCT_NAME = "$(TARGET_NAME)";
			};
			name = Release;
		};
		8460637F1B0F87E300B761F9 /* Debug */ = {
			isa = XCBuildConfiguration;
			buildSettings = {
				BUNDLE_LOADER = "$(TEST_HOST)";
				FRAMEWORK_SEARCH_PATHS = (
					"$(SDKROOT)/Developer/Library/Frameworks",
					"$(inherited)",
				);
				GCC_PREPROCESSOR_DEFINITIONS = (
					"DEBUG=1",
					"$(inherited)",
				);
				INFOPLIST_FILE = BabuPagerViewControllerTests/Info.plist;
				LD_RUNPATH_SEARCH_PATHS = "$(inherited) @executable_path/Frameworks @loader_path/Frameworks";
				PRODUCT_NAME = "$(TARGET_NAME)";
				TEST_HOST = "$(BUILT_PRODUCTS_DIR)/BabuPagerViewController.app/BabuPagerViewController";
			};
			name = Debug;
		};
		846063801B0F87E300B761F9 /* Release */ = {
			isa = XCBuildConfiguration;
			buildSettings = {
				BUNDLE_LOADER = "$(TEST_HOST)";
				FRAMEWORK_SEARCH_PATHS = (
					"$(SDKROOT)/Developer/Library/Frameworks",
					"$(inherited)",
				);
				INFOPLIST_FILE = BabuPagerViewControllerTests/Info.plist;
				LD_RUNPATH_SEARCH_PATHS = "$(inherited) @executable_path/Frameworks @loader_path/Frameworks";
				PRODUCT_NAME = "$(TARGET_NAME)";
				TEST_HOST = "$(BUILT_PRODUCTS_DIR)/BabuPagerViewController.app/BabuPagerViewController";
			};
			name = Release;
		};
/* End XCBuildConfiguration section */

/* Begin XCConfigurationList section */
		846063571B0F87E300B761F9 /* Build configuration list for PBXProject "BabuPagerViewController" */ = {
			isa = XCConfigurationList;
			buildConfigurations = (
				846063791B0F87E300B761F9 /* Debug */,
				8460637A1B0F87E300B761F9 /* Release */,
			);
			defaultConfigurationIsVisible = 0;
			defaultConfigurationName = Release;
		};
		8460637B1B0F87E300B761F9 /* Build configuration list for PBXNativeTarget "BabuPagerViewController" */ = {
			isa = XCConfigurationList;
			buildConfigurations = (
				8460637C1B0F87E300B761F9 /* Debug */,
				8460637D1B0F87E300B761F9 /* Release */,
			);
			defaultConfigurationIsVisible = 0;
			defaultConfigurationName = Release;
		};
		8460637E1B0F87E300B761F9 /* Build configuration list for PBXNativeTarget "BabuPagerViewControllerTests" */ = {
			isa = XCConfigurationList;
			buildConfigurations = (
				8460637F1B0F87E300B761F9 /* Debug */,
				846063801B0F87E300B761F9 /* Release */,
			);
			defaultConfigurationIsVisible = 0;
			defaultConfigurationName = Release;
		};
/* End XCConfigurationList section */
	};
	rootObject = 846063541B0F87E300B761F9 /* Project object */;
}
